
Microsoft Visual Studio Solution File, Format Version 12.00
# Visual Studio 15
VisualStudioVersion = 15.0.28010.2016
MinimumVisualStudioVersion = 10.0.40219.1
Project("{FAE04EC0-301F-11D3-BF4B-00C04F79EFBC}") = "FiveSTAR_tracking", "FiveSTAR_tracking\FiveSTAR_tracking.csproj", "{6B8C1044-8418-4D8E-8984-2981042923C0}"
EndProject
Global
	GlobalSection(SolutionConfigurationPlatforms) = preSolution
		Debug|Any CPU = Debug|Any CPU
		Release|Any CPU = Release|Any CPU
	EndGlobalSection
	GlobalSection(ProjectConfigurationPlatforms) = postSolution
		{6B8C1044-8418-4D8E-8984-2981042923C0}.Debug|Any CPU.ActiveCfg = Debug|Any CPU
		{6B8C1044-8418-4D8E-8984-2981042923C0}.Debug|Any CPU.Build.0 = Debug|Any CPU
		{6B8C1044-8418-4D8E-8984-2981042923C0}.Release|Any CPU.ActiveCfg = Release|Any CPU
		{6B8C1044-8418-4D8E-8984-2981042923C0}.Release|Any CPU.Build.0 = Release|Any CPU
	EndGlobalSection
	GlobalSection(SolutionProperties) = preSolution
		HideSolutionNode = FALSE
	EndGlobalSection
	GlobalSection(ExtensibilityGlobals) = postSolution
		SolutionGuid = {3CBF3080-0B71-40D2-8F48-65F265C8B440}
	EndGlobalSection
EndGlobal
