
Microsoft Visual Studio Solution File, Format Version 12.00
# Visual Studio 15
VisualStudioVersion = 15.0.28010.2046
MinimumVisualStudioVersion = 10.0.40219.1
Project("{FAE04EC0-301F-11D3-BF4B-00C04F79EFBC}") = "FiveSTARProjectTracking", "FiveSTARProjectTracking\FiveSTARProjectTracking.csproj", "{69C055FE-8F04-4880-BBCD-9DD7CB267A95}"
EndProject
Project("{00D1A9C2-B5F0-4AF3-8072-F6C62B433612}") = "ProjectTracking", "..\FiveSTARProjectTrackingDatabase\ProjectTracking\ProjectTracking.sqlproj", "{ECBE11F6-066D-4079-803C-26D425AC4993}"
EndProject
Global
	GlobalSection(SolutionConfigurationPlatforms) = preSolution
		Debug|Any CPU = Debug|Any CPU
		Release|Any CPU = Release|Any CPU
	EndGlobalSection
	GlobalSection(ProjectConfigurationPlatforms) = postSolution
		{69C055FE-8F04-4880-BBCD-9DD7CB267A95}.Debug|Any CPU.ActiveCfg = Debug|Any CPU
		{69C055FE-8F04-4880-BBCD-9DD7CB267A95}.Debug|Any CPU.Build.0 = Debug|Any CPU
		{69C055FE-8F04-4880-BBCD-9DD7CB267A95}.Release|Any CPU.ActiveCfg = Release|Any CPU
		{69C055FE-8F04-4880-BBCD-9DD7CB267A95}.Release|Any CPU.Build.0 = Release|Any CPU
		{ECBE11F6-066D-4079-803C-26D425AC4993}.Debug|Any CPU.ActiveCfg = Debug|Any CPU
		{ECBE11F6-066D-4079-803C-26D425AC4993}.Debug|Any CPU.Build.0 = Debug|Any CPU
		{ECBE11F6-066D-4079-803C-26D425AC4993}.Debug|Any CPU.Deploy.0 = Debug|Any CPU
		{ECBE11F6-066D-4079-803C-26D425AC4993}.Release|Any CPU.ActiveCfg = Release|Any CPU
		{ECBE11F6-066D-4079-803C-26D425AC4993}.Release|Any CPU.Build.0 = Release|Any CPU
		{ECBE11F6-066D-4079-803C-26D425AC4993}.Release|Any CPU.Deploy.0 = Release|Any CPU
	EndGlobalSection
	GlobalSection(SolutionProperties) = preSolution
		HideSolutionNode = FALSE
	EndGlobalSection
	GlobalSection(ExtensibilityGlobals) = postSolution
		SolutionGuid = {ABE3B446-A641-43EA-85CD-10ECE02C5769}
	EndGlobalSection
EndGlobal
